
Microsoft Visual Studio Solution File, Format Version 12.00
# Visual Studio Version 16
VisualStudioVersion = 16.0.29709.97
MinimumVisualStudioVersion = 10.0.40219.1
Project("{FAE04EC0-301F-11D3-BF4B-00C04F79EFBC}") = "WebhookExample", "WebhookExample.csproj", "{4940735B-5475-4081-9F87-6E05F00B0E05}"
EndProject
Global
	GlobalSection(SolutionConfigurationPlatforms) = preSolution
		Debug|Any CPU = Debug|Any CPU
		Release|Any CPU = Release|Any CPU
	EndGlobalSection
	GlobalSection(ProjectConfigurationPlatforms) = postSolution
		{4940735B-5475-4081-9F87-6E05F00B0E05}.Debug|Any CPU.ActiveCfg = Debug|Any CPU
		{4940735B-5475-4081-9F87-6E05F00B0E05}.Debug|Any CPU.Build.0 = Debug|Any CPU
		{4940735B-5475-4081-9F87-6E05F00B0E05}.Release|Any CPU.ActiveCfg = Release|Any CPU
		{4940735B-5475-4081-9F87-6E05F00B0E05}.Release|Any CPU.Build.0 = Release|Any CPU
	EndGlobalSection
	GlobalSection(SolutionProperties) = preSolution
		HideSolutionNode = FALSE
	EndGlobalSection
	GlobalSection(ExtensibilityGlobals) = postSolution
		SolutionGuid = {5B96C270-692D-4E4B-B534-012A7119AD4D}
	EndGlobalSection
EndGlobal
